
Microsoft Visual Studio Solution File, Format Version 12.00
# Visual Studio 2013
VisualStudioVersion = 12.0.31101.0
MinimumVisualStudioVersion = 10.0.40219.1
Project("{8BC9CEB8-8B4A-11D0-8D11-00A0C91BC942}") = "Graph", "Graph\Graph.vcxproj", "{6B81B6BF-19B9-46F9-B6F5-C6B4F169048D}"
EndProject
Global
	GlobalSection(SolutionConfigurationPlatforms) = preSolution
		Debug|Win32 = Debug|Win32
		Release|Win32 = Release|Win32
	EndGlobalSection
	GlobalSection(ProjectConfigurationPlatforms) = postSolution
		{6B81B6BF-19B9-46F9-B6F5-C6B4F169048D}.Debug|Win32.ActiveCfg = Debug|Win32
		{6B81B6BF-19B9-46F9-B6F5-C6B4F169048D}.Debug|Win32.Build.0 = Debug|Win32
		{6B81B6BF-19B9-46F9-B6F5-C6B4F169048D}.Release|Win32.ActiveCfg = Release|Win32
		{6B81B6BF-19B9-46F9-B6F5-C6B4F169048D}.Release|Win32.Build.0 = Release|Win32
	EndGlobalSection
	GlobalSection(SolutionProperties) = preSolution
		HideSolutionNode = FALSE
	EndGlobalSection
EndGlobal
